
Microsoft Visual Studio Solution File, Format Version 12.00
# Visual Studio Version 17
VisualStudioVersion = 17.0.31903.59
MinimumVisualStudioVersion = 10.0.40219.1
Project("{FAE04EC0-301F-11D3-BF4B-00C04F79EFBC}") = "GlobalUtility", "GlobalUtility.csproj", "{854B4A24-0D40-4670-9B4E-3EED5DB0E593}"
EndProject
Project("{FAE04EC0-301F-11D3-BF4B-00C04F79EFBC}") = "Utility.Kafka", "Utility.Kafka\Utility.Kafka.csproj", "{EAFE086C-360B-4D3F-AAAD-CDE4C3087015}"
EndProject
Global
	GlobalSection(SolutionConfigurationPlatforms) = preSolution
		Debug|Any CPU = Debug|Any CPU
		Release|Any CPU = Release|Any CPU
	EndGlobalSection
	GlobalSection(SolutionProperties) = preSolution
		HideSolutionNode = FALSE
	EndGlobalSection
	GlobalSection(ProjectConfigurationPlatforms) = postSolution
		{854B4A24-0D40-4670-9B4E-3EED5DB0E593}.Debug|Any CPU.ActiveCfg = Debug|Any CPU
		{854B4A24-0D40-4670-9B4E-3EED5DB0E593}.Debug|Any CPU.Build.0 = Debug|Any CPU
		{854B4A24-0D40-4670-9B4E-3EED5DB0E593}.Release|Any CPU.ActiveCfg = Release|Any CPU
		{854B4A24-0D40-4670-9B4E-3EED5DB0E593}.Release|Any CPU.Build.0 = Release|Any CPU
		{EAFE086C-360B-4D3F-AAAD-CDE4C3087015}.Debug|Any CPU.ActiveCfg = Debug|Any CPU
		{EAFE086C-360B-4D3F-AAAD-CDE4C3087015}.Debug|Any CPU.Build.0 = Debug|Any CPU
		{EAFE086C-360B-4D3F-AAAD-CDE4C3087015}.Release|Any CPU.ActiveCfg = Release|Any CPU
		{EAFE086C-360B-4D3F-AAAD-CDE4C3087015}.Release|Any CPU.Build.0 = Release|Any CPU
	EndGlobalSection
EndGlobal
